
Microsoft Visual Studio Solution File, Format Version 12.00
# Visual Studio 14
VisualStudioVersion = 14.0.24720.0
MinimumVisualStudioVersion = 10.0.40219.1
Project("{FAE04EC0-301F-11D3-BF4B-00C04F79EFBC}") = "Learning.Data", "Learning.Data\Learning.Data.csproj", "{C9ABC4AC-DB56-427E-A8B2-7B1AC7B4039E}"
EndProject
Global
	GlobalSection(SolutionConfigurationPlatforms) = preSolution
		Debug|Any CPU = Debug|Any CPU
		Release|Any CPU = Release|Any CPU
	EndGlobalSection
	GlobalSection(ProjectConfigurationPlatforms) = postSolution
		{C9ABC4AC-DB56-427E-A8B2-7B1AC7B4039E}.Debug|Any CPU.ActiveCfg = Debug|Any CPU
		{C9ABC4AC-DB56-427E-A8B2-7B1AC7B4039E}.Debug|Any CPU.Build.0 = Debug|Any CPU
		{C9ABC4AC-DB56-427E-A8B2-7B1AC7B4039E}.Release|Any CPU.ActiveCfg = Release|Any CPU
		{C9ABC4AC-DB56-427E-A8B2-7B1AC7B4039E}.Release|Any CPU.Build.0 = Release|Any CPU
	EndGlobalSection
	GlobalSection(SolutionProperties) = preSolution
		HideSolutionNode = FALSE
	EndGlobalSection
EndGlobal
